// !$*UTF8*$!
{
	archiveVersion = 1;
	classes = {
	};
	objectVersion = 46;
	objects = {

/* Begin PBXBuildFile section */
		6260F75C1C0043D3003DC9FE /* AppDelegate.swift in Sources */ = {isa = PBXBuildFile; fileRef = 6260F75B1C0043D3003DC9FE /* AppDelegate.swift */; };
		6260F75E1C0043D3003DC9FE /* ViewController.swift in Sources */ = {isa = PBXBuildFile; fileRef = 6260F75D1C0043D3003DC9FE /* ViewController.swift */; };
		6260F7611C0043D3003DC9FE /* Main.storyboard in Resources */ = {isa = PBXBuildFile; fileRef = 6260F75F1C0043D3003DC9FE /* Main.storyboard */; };
		6260F7631C0043D3003DC9FE /* Assets.xcassets in Resources */ = {isa = PBXBuildFile; fileRef = 6260F7621C0043D3003DC9FE /* Assets.xcassets */; };
		6260F7661C0043D3003DC9FE /* LaunchScreen.storyboard in Resources */ = {isa = PBXBuildFile; fileRef = 6260F7641C0043D3003DC9FE /* LaunchScreen.storyboard */; };
		6260F7711C0043D3003DC9FE /* KDInteractiveNavigationControllerTests.swift in Sources */ = {isa = PBXBuildFile; fileRef = 6260F7701C0043D3003DC9FE /* KDInteractiveNavigationControllerTests.swift */; };
		6260F77C1C0043D3003DC9FE /* KDInteractiveNavigationControllerUITests.swift in Sources */ = {isa = PBXBuildFile; fileRef = 6260F77B1C0043D3003DC9FE /* KDInteractiveNavigationControllerUITests.swift */; };
		6260F78B1C0044F8003DC9FE /* KDInteractiveNavigationController.swift in Sources */ = {isa = PBXBuildFile; fileRef = 6260F78A1C0044F8003DC9FE /* KDInteractiveNavigationController.swift */; };
		6260F78D1C004818003DC9FE /* UIViewController+InteractiveNavigation.swift in Sources */ = {isa = PBXBuildFile; fileRef = 6260F78C1C004818003DC9FE /* UIViewController+InteractiveNavigation.swift */; };
/* End PBXBuildFile section */

/* Begin PBXContainerItemProxy section */
		6260F76D1C0043D3003DC9FE /* PBXContainerItemProxy */ = {
			isa = PBXContainerItemProxy;
			containerPortal = 6260F7501C0043D3003DC9FE /* Project object */;
			proxyType = 1;
			remoteGlobalIDString = 6260F7571C0043D3003DC9FE;
			remoteInfo = KDInteractiveNavigationController;
		};
		6260F7781C0043D3003DC9FE /* PBXContainerItemProxy */ = {
			isa = PBXContainerItemProxy;
			containerPortal = 6260F7501C0043D3003DC9FE /* Project object */;
			proxyType = 1;
			remoteGlobalIDString = 6260F7571C0043D3003DC9FE;
			remoteInfo = KDInteractiveNavigationController;
		};
/* End PBXContainerItemProxy section */

/* Begin PBXFileReference section */
		6260F7581C0043D3003DC9FE /* KDInteractiveNavigationController.app */ = {isa = PBXFileReference; explicitFileType = wrapper.application; includeInIndex = 0; path = KDInteractiveNavigationController.app; sourceTree = BUILT_PRODUCTS_DIR; };
		6260F75B1C0043D3003DC9FE /* AppDelegate.swift */ = {isa = PBXFileReference; lastKnownFileType = sourcecode.swift; path = AppDelegate.swift; sourceTree = "<group>"; };
		6260F75D1C0043D3003DC9FE /* ViewController.swift */ = {isa = PBXFileReference; lastKnownFileType = sourcecode.swift; path = ViewController.swift; sourceTree = "<group>"; };
		6260F7601C0043D3003DC9FE /* Base */ = {isa = PBXFileReference; lastKnownFileType = file.storyboard; name = Base; path = Base.lproj/Main.storyboard; sourceTree = "<group>"; };
		6260F7621C0043D3003DC9FE /* Assets.xcassets */ = {isa = PBXFileReference; lastKnownFileType = folder.assetcatalog; path = Assets.xcassets; sourceTree = "<group>"; };
		6260F7651C0043D3003DC9FE /* Base */ = {isa = PBXFileReference; lastKnownFileType = file.storyboard; name = Base; path = Base.lproj/LaunchScreen.storyboard; sourceTree = "<group>"; };
		6260F7671C0043D3003DC9FE /* Info.plist */ = {isa = PBXFileReference; lastKnownFileType = text.plist.xml; path = Info.plist; sourceTree = "<group>"; };
		6260F76C1C0043D3003DC9FE /* KDInteractiveNavigationControllerTests.xctest */ = {isa = PBXFileReference; explicitFileType = wrapper.cfbundle; includeInIndex = 0; path = KDInteractiveNavigationControllerTests.xctest; sourceTree = BUILT_PRODUCTS_DIR; };
		6260F7701C0043D3003DC9FE /* KDInteractiveNavigationControllerTests.swift */ = {isa = PBXFileReference; lastKnownFileType = sourcecode.swift; path = KDInteractiveNavigationControllerTests.swift; sourceTree = "<group>"; };
		6260F7721C0043D3003DC9FE /* Info.plist */ = {isa = PBXFileReference; lastKnownFileType = text.plist.xml; path = Info.plist; sourceTree = "<group>"; };
		6260F7771C0043D3003DC9FE /* KDInteractiveNavigationControllerUITests.xctest */ = {isa = PBXFileReference; explicitFileType = wrapper.cfbundle; includeInIndex = 0; path = KDInteractiveNavigationControllerUITests.xctest; sourceTree = BUILT_PRODUCTS_DIR; };
		6260F77B1C0043D3003DC9FE /* KDInteractiveNavigationControllerUITests.swift */ = {isa = PBXFileReference; lastKnownFileType = sourcecode.swift; path = KDInteractiveNavigationControllerUITests.swift; sourceTree = "<group>"; };
		6260F77D1C0043D3003DC9FE /* Info.plist */ = {isa = PBXFileReference; lastKnownFileType = text.plist.xml; path = Info.plist; sourceTree = "<group>"; };
		6260F78A1C0044F8003DC9FE /* KDInteractiveNavigationController.swift */ = {isa = PBXFileReference; fileEncoding = 4; lastKnownFileType = sourcecode.swift; path = KDInteractiveNavigationController.swift; sourceTree = "<group>"; };
		6260F78C1C004818003DC9FE /* UIViewController+InteractiveNavigation.swift */ = {isa = PBXFileReference; fileEncoding = 4; lastKnownFileType = sourcecode.swift; path = "UIViewController+InteractiveNavigation.swift"; sourceTree = "<group>"; };
/* End PBXFileReference section */

/* Begin PBXFrameworksBuildPhase section */
		6260F7551C0043D3003DC9FE /* Frameworks */ = {
			isa = PBXFrameworksBuildPhase;
			buildActionMask = 2147483647;
			files = (
			);
			runOnlyForDeploymentPostprocessing = 0;
		};
		6260F7691C0043D3003DC9FE /* Frameworks */ = {
			isa = PBXFrameworksBuildPhase;
			buildActionMask = 2147483647;
			files = (
			);
			runOnlyForDeploymentPostprocessing = 0;
		};
		6260F7741C0043D3003DC9FE /* Frameworks */ = {
			isa = PBXFrameworksBuildPhase;
			buildActionMask = 2147483647;
			files = (
			);
			runOnlyForDeploymentPostprocessing = 0;
		};
/* End PBXFrameworksBuildPhase section */

/* Begin PBXGroup section */
		6260F74F1C0043D3003DC9FE = {
			isa = PBXGroup;
			children = (
				6260F75A1C0043D3003DC9FE /* KDInteractiveNavigationController */,
				6260F76F1C0043D3003DC9FE /* KDInteractiveNavigationControllerTests */,
				6260F77A1C0043D3003DC9FE /* KDInteractiveNavigationControllerUITests */,
				6260F7591C0043D3003DC9FE /* Products */,
			);
			sourceTree = "<group>";
		};
		6260F7591C0043D3003DC9FE /* Products */ = {
			isa = PBXGroup;
			children = (
				6260F7581C0043D3003DC9FE /* KDInteractiveNavigationController.app */,
				6260F76C1C0043D3003DC9FE /* KDInteractiveNavigationControllerTests.xctest */,
				6260F7771C0043D3003DC9FE /* KDInteractiveNavigationControllerUITests.xctest */,
			);
			name = Products;
			sourceTree = "<group>";
		};
		6260F75A1C0043D3003DC9FE /* KDInteractiveNavigationController */ = {
			isa = PBXGroup;
			children = (
				6260F7891C0044D9003DC9FE /* Classes */,
				6260F75B1C0043D3003DC9FE /* AppDelegate.swift */,
				6260F75D1C0043D3003DC9FE /* ViewController.swift */,
				6260F75F1C0043D3003DC9FE /* Main.storyboard */,
				6260F7621C0043D3003DC9FE /* Assets.xcassets */,
				6260F7641C0043D3003DC9FE /* LaunchScreen.storyboard */,
				6260F7671C0043D3003DC9FE /* Info.plist */,
			);
			path = KDInteractiveNavigationController;
			sourceTree = "<group>";
		};
		6260F76F1C0043D3003DC9FE /* KDInteractiveNavigationControllerTests */ = {
			isa = PBXGroup;
			children = (
				6260F7701C0043D3003DC9FE /* KDInteractiveNavigationControllerTests.swift */,
				6260F7721C0043D3003DC9FE /* Info.plist */,
			);
			path = KDInteractiveNavigationControllerTests;
			sourceTree = "<group>";
		};
		6260F77A1C0043D3003DC9FE /* KDInteractiveNavigationControllerUITests */ = {
			isa = PBXGroup;
			children = (
				6260F77B1C0043D3003DC9FE /* KDInteractiveNavigationControllerUITests.swift */,
				6260F77D1C0043D3003DC9FE /* Info.plist */,
			);
			path = KDInteractiveNavigationControllerUITests;
			sourceTree = "<group>";
		};
		6260F7891C0044D9003DC9FE /* Classes */ = {
			isa = PBXGroup;
			children = (
				6260F78A1C0044F8003DC9FE /* KDInteractiveNavigationController.swift */,
				6260F78C1C004818003DC9FE /* UIViewController+InteractiveNavigation.swift */,
			);
			path = Classes;
			sourceTree = SOURCE_ROOT;
		};
/* End PBXGroup section */

/* Begin PBXNativeTarget section */
		6260F7571C0043D3003DC9FE /* KDInteractiveNavigationController */ = {
			isa = PBXNativeTarget;
			buildConfigurationList = 6260F7801C0043D3003DC9FE /* Build configuration list for PBXNativeTarget "KDInteractiveNavigationController" */;
			buildPhases = (
				6260F7541C0043D3003DC9FE /* Sources */,
				6260F7551C0043D3003DC9FE /* Frameworks */,
				6260F7561C0043D3003DC9FE /* Resources */,
			);
			buildRules = (
			);
			dependencies = (
			);
			name = KDInteractiveNavigationController;
			productName = KDInteractiveNavigationController;
			productReference = 6260F7581C0043D3003DC9FE /* KDInteractiveNavigationController.app */;
			productType = "com.apple.product-type.application";
		};
		6260F76B1C0043D3003DC9FE /* KDInteractiveNavigationControllerTests */ = {
			isa = PBXNativeTarget;
			buildConfigurationList = 6260F7831C0043D3003DC9FE /* Build configuration list for PBXNativeTarget "KDInteractiveNavigationControllerTests" */;
			buildPhases = (
				6260F7681C0043D3003DC9FE /* Sources */,
				6260F7691C0043D3003DC9FE /* Frameworks */,
				6260F76A1C0043D3003DC9FE /* Resources */,
			);
			buildRules = (
			);
			dependencies = (
				6260F76E1C0043D3003DC9FE /* PBXTargetDependency */,
			);
			name = KDInteractiveNavigationControllerTests;
			productName = KDInteractiveNavigationControllerTests;
			productReference = 6260F76C1C0043D3003DC9FE /* KDInteractiveNavigationControllerTests.xctest */;
			productType = "com.apple.product-type.bundle.unit-test";
		};
		6260F7761C0043D3003DC9FE /* KDInteractiveNavigationControllerUITests */ = {
			isa = PBXNativeTarget;
			buildConfigurationList = 6260F7861C0043D3003DC9FE /* Build configuration list for PBXNativeTarget "KDInteractiveNavigationControllerUITests" */;
			buildPhases = (
				6260F7731C0043D3003DC9FE /* Sources */,
				6260F7741C0043D3003DC9FE /* Frameworks */,
				6260F7751C0043D3003DC9FE /* Resources */,
			);
			buildRules = (
			);
			dependencies = (
				6260F7791C0043D3003DC9FE /* PBXTargetDependency */,
			);
			name = KDInteractiveNavigationControllerUITests;
			productName = KDInteractiveNavigationControllerUITests;
			productReference = 6260F7771C0043D3003DC9FE /* KDInteractiveNavigationControllerUITests.xctest */;
			productType = "com.apple.product-type.bundle.ui-testing";
		};
/* End PBXNativeTarget section */

/* Begin PBXProject section */
		6260F7501C0043D3003DC9FE /* Project object */ = {
			isa = PBXProject;
			attributes = {
				LastSwiftUpdateCheck = 0710;
				LastUpgradeCheck = 0710;
				ORGANIZATIONNAME = Kingiol;
				TargetAttributes = {
					6260F7571C0043D3003DC9FE = {
						CreatedOnToolsVersion = 7.1.1;
					};
					6260F76B1C0043D3003DC9FE = {
						CreatedOnToolsVersion = 7.1.1;
						TestTargetID = 6260F7571C0043D3003DC9FE;
					};
					6260F7761C0043D3003DC9FE = {
						CreatedOnToolsVersion = 7.1.1;
						TestTargetID = 6260F7571C0043D3003DC9FE;
					};
				};
			};
			buildConfigurationList = 6260F7531C0043D3003DC9FE /* Build configuration list for PBXProject "KDInteractiveNavigationController" */;
			compatibilityVersion = "Xcode 3.2";
			developmentRegion = English;
			hasScannedForEncodings = 0;
			knownRegions = (
				en,
				Base,
			);
			mainGroup = 6260F74F1C0043D3003DC9FE;
			productRefGroup = 6260F7591C0043D3003DC9FE /* Products */;
			projectDirPath = "";
			projectRoot = "";
			targets = (
				6260F7571C0043D3003DC9FE /* KDInteractiveNavigationController */,
				6260F76B1C0043D3003DC9FE /* KDInteractiveNavigationControllerTests */,
				6260F7761C0043D3003DC9FE /* KDInteractiveNavigationControllerUITests */,
			);
		};
/* End PBXProject section */

/* Begin PBXResourcesBuildPhase section */
		6260F7561C0043D3003DC9FE /* Resources */ = {
			isa = PBXResourcesBuildPhase;
			buildActionMask = 2147483647;
			files = (
				6260F7661C0043D3003DC9FE /* LaunchScreen.storyboard in Resources */,
				6260F7631C0043D3003DC9FE /* Assets.xcassets in Resources */,
				6260F7611C0043D3003DC9FE /* Main.storyboard in Resources */,
			);
			runOnlyForDeploymentPostprocessing = 0;
		};
		6260F76A1C0043D3003DC9FE /* Resources */ = {
			isa = PBXResourcesBuildPhase;
			buildActionMask = 2147483647;
			files = (
			);
			runOnlyForDeploymentPostprocessing = 0;
		};
		6260F7751C0043D3003DC9FE /* Resources */ = {
			isa = PBXResourcesBuildPhase;
			buildActionMask = 2147483647;
			files = (
			);
			runOnlyForDeploymentPostprocessing = 0;
		};
/* End PBXResourcesBuildPhase section */

/* Begin PBXSourcesBuildPhase section */
		6260F7541C0043D3003DC9FE /* Sources */ = {
			isa = PBXSourcesBuildPhase;
			buildActionMask = 2147483647;
			files = (
				6260F78B1C0044F8003DC9FE /* KDInteractiveNavigationController.swift in Sources */,
				6260F78D1C004818003DC9FE /* UIViewController+InteractiveNavigation.swift in Sources */,
				6260F75E1C0043D3003DC9FE /* ViewController.swift in Sources */,
				6260F75C1C0043D3003DC9FE /* AppDelegate.swift in Sources */,
			);
			runOnlyForDeploymentPostprocessing = 0;
		};
		6260F7681C0043D3003DC9FE /* Sources */ = {
			isa = PBXSourcesBuildPhase;
			buildActionMask = 2147483647;
			files = (
				6260F7711C0043D3003DC9FE /* KDInteractiveNavigationControllerTests.swift in Sources */,
			);
			runOnlyForDeploymentPostprocessing = 0;
		};
		6260F7731C0043D3003DC9FE /* Sources */ = {
			isa = PBXSourcesBuildPhase;
			buildActionMask = 2147483647;
			files = (
				6260F77C1C0043D3003DC9FE /* KDInteractiveNavigationControllerUITests.swift in Sources */,
			);
			runOnlyForDeploymentPostprocessing = 0;
		};
/* End PBXSourcesBuildPhase section */

/* Begin PBXTargetDependency section */
		6260F76E1C0043D3003DC9FE /* PBXTargetDependency */ = {
			isa = PBXTargetDependency;
			target = 6260F7571C0043D3003DC9FE /* KDInteractiveNavigationController */;
			targetProxy = 6260F76D1C0043D3003DC9FE /* PBXContainerItemProxy */;
		};
		6260F7791C0043D3003DC9FE /* PBXTargetDependency */ = {
			isa = PBXTargetDependency;
			target = 6260F7571C0043D3003DC9FE /* KDInteractiveNavigationController */;
			targetProxy = 6260F7781C0043D3003DC9FE /* PBXContainerItemProxy */;
		};
/* End PBXTargetDependency section */

/* Begin PBXVariantGroup section */
		6260F75F1C0043D3003DC9FE /* Main.storyboard */ = {
			isa = PBXVariantGroup;
			children = (
				6260F7601C0043D3003DC9FE /* Base */,
			);
			name = Main.storyboard;
			sourceTree = "<group>";
		};
		6260F7641C0043D3003DC9FE /* LaunchScreen.storyboard */ = {
			isa = PBXVariantGroup;
			children = (
				6260F7651C0043D3003DC9FE /* Base */,
			);
			name = LaunchScreen.storyboard;
			sourceTree = "<group>";
		};
/* End PBXVariantGroup section */

/* Begin XCBuildConfiguration section */
		6260F77E1C0043D3003DC9FE /* Debug */ = {
			isa = XCBuildConfiguration;
			buildSettings = {
				ALWAYS_SEARCH_USER_PATHS = NO;
				CLANG_CXX_LANGUAGE_STANDARD = "gnu++0x";
				CLANG_CXX_LIBRARY = "libc++";
				CLANG_ENABLE_MODULES = YES;
				CLANG_ENABLE_OBJC_ARC = YES;
				CLANG_WARN_BOOL_CONVERSION = YES;
				CLANG_WARN_CONSTANT_CONVERSION = YES;
				CLANG_WARN_DIRECT_OBJC_ISA_USAGE = YES_ERROR;
				CLANG_WARN_EMPTY_BODY = YES;
				CLANG_WARN_ENUM_CONVERSION = YES;
				CLANG_WARN_INT_CONVERSION = YES;
				CLANG_WARN_OBJC_ROOT_CLASS = YES_ERROR;
				CLANG_WARN_UNREACHABLE_CODE = YES;
				CLANG_WARN__DUPLICATE_METHOD_MATCH = YES;
				"CODE_SIGN_IDENTITY[sdk=iphoneos*]" = "iPhone Developer";
				COPY_PHASE_STRIP = NO;
				DEBUG_INFORMATION_FORMAT = dwarf;
				ENABLE_STRICT_OBJC_MSGSEND = YES;
				ENABLE_TESTABILITY = YES;
				GCC_C_LANGUAGE_STANDARD = gnu99;
				GCC_DYNAMIC_NO_PIC = NO;
				GCC_NO_COMMON_BLOCKS = YES;
				GCC_OPTIMIZATION_LEVEL = 0;
				GCC_PREPROCESSOR_DEFINITIONS = (
					"DEBUG=1",
					"$(inherited)",
				);
				GCC_WARN_64_TO_32_BIT_CONVERSION = YES;
				GCC_WARN_ABOUT_RETURN_TYPE = YES_ERROR;
				GCC_WARN_UNDECLARED_SELECTOR = YES;
				GCC_WARN_UNINITIALIZED_AUTOS = YES_AGGRESSIVE;
				GCC_WARN_UNUSED_FUNCTION = YES;
				GCC_WARN_UNUSED_VARIABLE = YES;
				IPHONEOS_DEPLOYMENT_TARGET = 9.1;
				MTL_ENABLE_DEBUG_INFO = YES;
				ONLY_ACTIVE_ARCH = YES;
				SDKROOT = iphoneos;
				SWIFT_OPTIMIZATION_LEVEL = "-Onone";
				TARGETED_DEVICE_FAMILY = "1,2";
			};
			name = Debug;
		};
		6260F77F1C0043D3003DC9FE /* Release */ = {
			isa = XCBuildConfiguration;
			buildSettings = {
				ALWAYS_SEARCH_USER_PATHS = NO;
				CLANG_CXX_LANGUAGE_STANDARD = "gnu++0x";
				CLANG_CXX_LIBRARY = "libc++";
				CLANG_ENABLE_MODULES = YES;
				CLANG_ENABLE_OBJC_ARC = YES;
				CLANG_WARN_BOOL_CONVERSION = YES;
				CLANG_WARN_CONSTANT_CONVERSION = YES;
				CLANG_WARN_DIRECT_OBJC_ISA_USAGE = YES_ERROR;
				CLANG_WARN_EMPTY_BODY = YES;
				CLANG_WARN_ENUM_CONVERSION = YES;
				CLANG_WARN_INT_CONVERSION = YES;
				CLANG_WARN_OBJC_ROOT_CLASS = YES_ERROR;
				CLANG_WARN_UNREACHABLE_CODE = YES;
				CLANG_WARN__DUPLICATE_METHOD_MATCH = YES;
				"CODE_SIGN_IDENTITY[sdk=iphoneos*]" = "iPhone Developer";
				COPY_PHASE_STRIP = NO;
				DEBUG_INFORMATION_FORMAT = "dwarf-with-dsym";
				ENABLE_NS_ASSERTIONS = NO;
				ENABLE_STRICT_OBJC_MSGSEND = YES;
				GCC_C_LANGUAGE_STANDARD = gnu99;
				GCC_NO_COMMON_BLOCKS = YES;
				GCC_WARN_64_TO_32_BIT_CONVERSION = YES;
				GCC_WARN_ABOUT_RETURN_TYPE = YES_ERROR;
				GCC_WARN_UNDECLARED_SELECTOR = YES;
				GCC_WARN_UNINITIALIZED_AUTOS = YES_AGGRESSIVE;
				GCC_WARN_UNUSED_FUNCTION = YES;
				GCC_WARN_UNUSED_VARIABLE = YES;
				IPHONEOS_DEPLOYMENT_TARGET = 9.1;
				MTL_ENABLE_DEBUG_INFO = NO;
				SDKROOT = iphoneos;
				TARGETED_DEVICE_FAMILY = "1,2";
				VALIDATE_PRODUCT = YES;
			};
			name = Release;
		};
		6260F7811C0043D3003DC9FE /* Debug */ = {
			isa = XCBuildConfiguration;
			buildSettings = {
				ASSETCATALOG_COMPILER_APPICON_NAME = AppIcon;
				INFOPLIST_FILE = KDInteractiveNavigationController/Info.plist;
				LD_RUNPATH_SEARCH_PATHS = "$(inherited) @executable_path/Frameworks";
				PRODUCT_BUNDLE_IDENTIFIER = com.kingiol.component.KDInteractiveNavigationController;
				PRODUCT_NAME = "$(TARGET_NAME)";
			};
			name = Debug;
		};
		6260F7821C0043D3003DC9FE /* Release */ = {
			isa = XCBuildConfiguration;
			buildSettings = {
				ASSETCATALOG_COMPILER_APPICON_NAME = AppIcon;
				INFOPLIST_FILE = KDInteractiveNavigationController/Info.plist;
				LD_RUNPATH_SEARCH_PATHS = "$(inherited) @executable_path/Frameworks";
				PRODUCT_BUNDLE_IDENTIFIER = com.kingiol.component.KDInteractiveNavigationController;
				PRODUCT_NAME = "$(TARGET_NAME)";
			};
			name = Release;
		};
		6260F7841C0043D3003DC9FE /* Debug */ = {
			isa = XCBuildConfiguration;
			buildSettings = {
				BUNDLE_LOADER = "$(TEST_HOST)";
				INFOPLIST_FILE = KDInteractiveNavigationControllerTests/Info.plist;
				LD_RUNPATH_SEARCH_PATHS = "$(inherited) @executable_path/Frameworks @loader_path/Frameworks";
				PRODUCT_BUNDLE_IDENTIFIER = com.kingiol.component.KDInteractiveNavigationControllerTests;
				PRODUCT_NAME = "$(TARGET_NAME)";
				TEST_HOST = "$(BUILT_PRODUCTS_DIR)/KDInteractiveNavigationController.app/KDInteractiveNavigationController";
			};
			name = Debug;
		};
		6260F7851C0043D3003DC9FE /* Release */ = {
			isa = XCBuildConfiguration;
			buildSettings = {
				BUNDLE_LOADER = "$(TEST_HOST)";
				INFOPLIST_FILE = KDInteractiveNavigationControllerTests/Info.plist;
				LD_RUNPATH_SEARCH_PATHS = "$(inherited) @executable_path/Frameworks @loader_path/Frameworks";
				PRODUCT_BUNDLE_IDENTIFIER = com.kingiol.component.KDInteractiveNavigationControllerTests;
				PRODUCT_NAME = "$(TARGET_NAME)";
				TEST_HOST = "$(BUILT_PRODUCTS_DIR)/KDInteractiveNavigationController.app/KDInteractiveNavigationController";
			};
			name = Release;
		};
		6260F7871C0043D3003DC9FE /* Debug */ = {
			isa = XCBuildConfiguration;
			buildSettings = {
				INFOPLIST_FILE = KDInteractiveNavigationControllerUITests/Info.plist;
				LD_RUNPATH_SEARCH_PATHS = "$(inherited) @executable_path/Frameworks @loader_path/Frameworks";
				PRODUCT_BUNDLE_IDENTIFIER = com.kingiol.component.KDInteractiveNavigationControllerUITests;
				PRODUCT_NAME = "$(TARGET_NAME)";
				TEST_TARGET_NAME = KDInteractiveNavigationController;
				USES_XCTRUNNER = YES;
			};
			name = Debug;
		};
		6260F7881C0043D3003DC9FE /* Release */ = {
			isa = XCBuildConfiguration;
			buildSettings = {
				INFOPLIST_FILE = KDInteractiveNavigationControllerUITests/Info.plist;
				LD_RUNPATH_SEARCH_PATHS = "$(inherited) @executable_path/Frameworks @loader_path/Frameworks";
				PRODUCT_BUNDLE_IDENTIFIER = com.kingiol.component.KDInteractiveNavigationControllerUITests;
				PRODUCT_NAME = "$(TARGET_NAME)";
				TEST_TARGET_NAME = KDInteractiveNavigationController;
				USES_XCTRUNNER = YES;
			};
			name = Release;
		};
/* End XCBuildConfiguration section */

/* Begin XCConfigurationList section */
		6260F7531C0043D3003DC9FE /* Build configuration list for PBXProject "KDInteractiveNavigationController" */ = {
			isa = XCConfigurationList;
			buildConfigurations = (
				6260F77E1C0043D3003DC9FE /* Debug */,
				6260F77F1C0043D3003DC9FE /* Release */,
			);
			defaultConfigurationIsVisible = 0;
			defaultConfigurationName = Release;
		};
		6260F7801C0043D3003DC9FE /* Build configuration list for PBXNativeTarget "KDInteractiveNavigationController" */ = {
			isa = XCConfigurationList;
			buildConfigurations = (
				6260F7811C0043D3003DC9FE /* Debug */,
				6260F7821C0043D3003DC9FE /* Release */,
			);
			defaultConfigurationIsVisible = 0;
		};
		6260F7831C0043D3003DC9FE /* Build configuration list for PBXNativeTarget "KDInteractiveNavigationControllerTests" */ = {
			isa = XCConfigurationList;
			buildConfigurations = (
				6260F7841C0043D3003DC9FE /* Debug */,
				6260F7851C0043D3003DC9FE /* Release */,
			);
			defaultConfigurationIsVisible = 0;
		};
		6260F7861C0043D3003DC9FE /* Build configuration list for PBXNativeTarget "KDInteractiveNavigationControllerUITests" */ = {
			isa = XCConfigurationList;
			buildConfigurations = (
				6260F7871C0043D3003DC9FE /* Debug */,
				6260F7881C0043D3003DC9FE /* Release */,
			);
			defaultConfigurationIsVisible = 0;
		};
/* End XCConfigurationList section */
	};
	rootObject = 6260F7501C0043D3003DC9FE /* Project object */;
}
