// !$*UTF8*$!
{
	archiveVersion = 1;
	classes = {
	};
	objectVersion = 46;
	objects = {

/* Begin PBXBuildFile section */
		6260F8081C00CE99003DC9FE /* AppDelegate.swift in Sources */ = {isa = PBXBuildFile; fileRef = 6260F8071C00CE99003DC9FE /* AppDelegate.swift */; };
		6260F80A1C00CE99003DC9FE /* ViewController.swift in Sources */ = {isa = PBXBuildFile; fileRef = 6260F8091C00CE99003DC9FE /* ViewController.swift */; };
		6260F80D1C00CE99003DC9FE /* Main.storyboard in Resources */ = {isa = PBXBuildFile; fileRef = 6260F80B1C00CE99003DC9FE /* Main.storyboard */; };
		6260F80F1C00CE99003DC9FE /* Assets.xcassets in Resources */ = {isa = PBXBuildFile; fileRef = 6260F80E1C00CE99003DC9FE /* Assets.xcassets */; };
		6260F8121C00CE99003DC9FE /* LaunchScreen.storyboard in Resources */ = {isa = PBXBuildFile; fileRef = 6260F8101C00CE99003DC9FE /* LaunchScreen.storyboard */; };
		6260F83B1C00DA7F003DC9FE /* TwoViewController.swift in Sources */ = {isa = PBXBuildFile; fileRef = 6260F83A1C00DA7F003DC9FE /* TwoViewController.swift */; };
		6260F83D1C00DA86003DC9FE /* ThreeViewController.swift in Sources */ = {isa = PBXBuildFile; fileRef = 6260F83C1C00DA86003DC9FE /* ThreeViewController.swift */; };
		6260F83F1C00DA8E003DC9FE /* FourViewController.swift in Sources */ = {isa = PBXBuildFile; fileRef = 6260F83E1C00DA8E003DC9FE /* FourViewController.swift */; };
		F69D8A303C6552BC09CFE983 /* Pods_DemoApp.framework in Frameworks */ = {isa = PBXBuildFile; fileRef = 82A05B8A4578C55F258BC1F5 /* Pods_DemoApp.framework */; };
/* End PBXBuildFile section */

/* Begin PBXFileReference section */
		20EF51AEA7B58B499FBB4251 /* Pods-DemoApp.release.xcconfig */ = {isa = PBXFileReference; includeInIndex = 1; lastKnownFileType = text.xcconfig; name = "Pods-DemoApp.release.xcconfig"; path = "Pods/Target Support Files/Pods-DemoApp/Pods-DemoApp.release.xcconfig"; sourceTree = "<group>"; };
		3E36834845DF7ED8DAA286FD /* Pods.framework */ = {isa = PBXFileReference; explicitFileType = wrapper.framework; includeInIndex = 0; path = Pods.framework; sourceTree = BUILT_PRODUCTS_DIR; };
		6260F8041C00CE99003DC9FE /* DemoApp.app */ = {isa = PBXFileReference; explicitFileType = wrapper.application; includeInIndex = 0; path = DemoApp.app; sourceTree = BUILT_PRODUCTS_DIR; };
		6260F8071C00CE99003DC9FE /* AppDelegate.swift */ = {isa = PBXFileReference; lastKnownFileType = sourcecode.swift; path = AppDelegate.swift; sourceTree = "<group>"; };
		6260F8091C00CE99003DC9FE /* ViewController.swift */ = {isa = PBXFileReference; lastKnownFileType = sourcecode.swift; path = ViewController.swift; sourceTree = "<group>"; };
		6260F80C1C00CE99003DC9FE /* Base */ = {isa = PBXFileReference; lastKnownFileType = file.storyboard; name = Base; path = Base.lproj/Main.storyboard; sourceTree = "<group>"; };
		6260F80E1C00CE99003DC9FE /* Assets.xcassets */ = {isa = PBXFileReference; lastKnownFileType = folder.assetcatalog; path = Assets.xcassets; sourceTree = "<group>"; };
		6260F8111C00CE99003DC9FE /* Base */ = {isa = PBXFileReference; lastKnownFileType = file.storyboard; name = Base; path = Base.lproj/LaunchScreen.storyboard; sourceTree = "<group>"; };
		6260F8131C00CE99003DC9FE /* Info.plist */ = {isa = PBXFileReference; lastKnownFileType = text.plist.xml; path = Info.plist; sourceTree = "<group>"; };
		6260F83A1C00DA7F003DC9FE /* TwoViewController.swift */ = {isa = PBXFileReference; fileEncoding = 4; lastKnownFileType = sourcecode.swift; path = TwoViewController.swift; sourceTree = "<group>"; };
		6260F83C1C00DA86003DC9FE /* ThreeViewController.swift */ = {isa = PBXFileReference; fileEncoding = 4; lastKnownFileType = sourcecode.swift; path = ThreeViewController.swift; sourceTree = "<group>"; };
		6260F83E1C00DA8E003DC9FE /* FourViewController.swift */ = {isa = PBXFileReference; fileEncoding = 4; lastKnownFileType = sourcecode.swift; path = FourViewController.swift; sourceTree = "<group>"; };
		82A05B8A4578C55F258BC1F5 /* Pods_DemoApp.framework */ = {isa = PBXFileReference; explicitFileType = wrapper.framework; includeInIndex = 0; path = Pods_DemoApp.framework; sourceTree = BUILT_PRODUCTS_DIR; };
		BF6FFFD1C1DE246CCC7B8EC8 /* Pods-DemoApp.debug.xcconfig */ = {isa = PBXFileReference; includeInIndex = 1; lastKnownFileType = text.xcconfig; name = "Pods-DemoApp.debug.xcconfig"; path = "Pods/Target Support Files/Pods-DemoApp/Pods-DemoApp.debug.xcconfig"; sourceTree = "<group>"; };
/* End PBXFileReference section */

/* Begin PBXFrameworksBuildPhase section */
		6260F8011C00CE99003DC9FE /* Frameworks */ = {
			isa = PBXFrameworksBuildPhase;
			buildActionMask = 2147483647;
			files = (
				F69D8A303C6552BC09CFE983 /* Pods_DemoApp.framework in Frameworks */,
			);
			runOnlyForDeploymentPostprocessing = 0;
		};
/* End PBXFrameworksBuildPhase section */

/* Begin PBXGroup section */
		6260F7FB1C00CE99003DC9FE = {
			isa = PBXGroup;
			children = (
				6260F8061C00CE99003DC9FE /* DemoApp */,
				6260F8051C00CE99003DC9FE /* Products */,
				F7A476705E234A8725DC0D46 /* Frameworks */,
				7E14477FBAF8CA20BFB5BA99 /* Pods */,
			);
			sourceTree = "<group>";
		};
		6260F8051C00CE99003DC9FE /* Products */ = {
			isa = PBXGroup;
			children = (
				6260F8041C00CE99003DC9FE /* DemoApp.app */,
			);
			name = Products;
			sourceTree = "<group>";
		};
		6260F8061C00CE99003DC9FE /* DemoApp */ = {
			isa = PBXGroup;
			children = (
				6260F8071C00CE99003DC9FE /* AppDelegate.swift */,
				6260F8091C00CE99003DC9FE /* ViewController.swift */,
				6260F83A1C00DA7F003DC9FE /* TwoViewController.swift */,
				6260F83C1C00DA86003DC9FE /* ThreeViewController.swift */,
				6260F83E1C00DA8E003DC9FE /* FourViewController.swift */,
				6260F80B1C00CE99003DC9FE /* Main.storyboard */,
				6260F80E1C00CE99003DC9FE /* Assets.xcassets */,
				6260F8101C00CE99003DC9FE /* LaunchScreen.storyboard */,
				6260F8131C00CE99003DC9FE /* Info.plist */,
			);
			path = DemoApp;
			sourceTree = "<group>";
		};
		7E14477FBAF8CA20BFB5BA99 /* Pods */ = {
			isa = PBXGroup;
			children = (
				BF6FFFD1C1DE246CCC7B8EC8 /* Pods-DemoApp.debug.xcconfig */,
				20EF51AEA7B58B499FBB4251 /* Pods-DemoApp.release.xcconfig */,
			);
			name = Pods;
			sourceTree = "<group>";
		};
		F7A476705E234A8725DC0D46 /* Frameworks */ = {
			isa = PBXGroup;
			children = (
				3E36834845DF7ED8DAA286FD /* Pods.framework */,
				82A05B8A4578C55F258BC1F5 /* Pods_DemoApp.framework */,
			);
			name = Frameworks;
			sourceTree = "<group>";
		};
/* End PBXGroup section */

/* Begin PBXNativeTarget section */
		6260F8031C00CE99003DC9FE /* DemoApp */ = {
			isa = PBXNativeTarget;
			buildConfigurationList = 6260F8161C00CE99003DC9FE /* Build configuration list for PBXNativeTarget "DemoApp" */;
			buildPhases = (
				73E2C36DE204BE4062A66FCD /* [CP] Check Pods Manifest.lock */,
				6260F8001C00CE99003DC9FE /* Sources */,
				6260F8011C00CE99003DC9FE /* Frameworks */,
				6260F8021C00CE99003DC9FE /* Resources */,
				4295311CF53EF80D5B947013 /* [CP] Embed Pods Frameworks */,
				B6B09E2D391781FA620D7C6B /* [CP] Copy Pods Resources */,
			);
			buildRules = (
			);
			dependencies = (
			);
			name = DemoApp;
			productName = DemoApp;
			productReference = 6260F8041C00CE99003DC9FE /* DemoApp.app */;
			productType = "com.apple.product-type.application";
		};
/* End PBXNativeTarget section */

/* Begin PBXProject section */
		6260F7FC1C00CE99003DC9FE /* Project object */ = {
			isa = PBXProject;
			attributes = {
				LastSwiftUpdateCheck = 0710;
				LastUpgradeCheck = 0710;
				ORGANIZATIONNAME = Kingiol;
				TargetAttributes = {
					6260F8031C00CE99003DC9FE = {
						CreatedOnToolsVersion = 7.1.1;
						DevelopmentTeam = BW886X295K;
						LastSwiftMigration = 0800;
					};
				};
			};
			buildConfigurationList = 6260F7FF1C00CE99003DC9FE /* Build configuration list for PBXProject "DemoApp" */;
			compatibilityVersion = "Xcode 3.2";
			developmentRegion = English;
			hasScannedForEncodings = 0;
			knownRegions = (
				en,
				Base,
			);
			mainGroup = 6260F7FB1C00CE99003DC9FE;
			productRefGroup = 6260F8051C00CE99003DC9FE /* Products */;
			projectDirPath = "";
			projectRoot = "";
			targets = (
				6260F8031C00CE99003DC9FE /* DemoApp */,
			);
		};
/* End PBXProject section */

/* Begin PBXResourcesBuildPhase section */
		6260F8021C00CE99003DC9FE /* Resources */ = {
			isa = PBXResourcesBuildPhase;
			buildActionMask = 2147483647;
			files = (
				6260F8121C00CE99003DC9FE /* LaunchScreen.storyboard in Resources */,
				6260F80F1C00CE99003DC9FE /* Assets.xcassets in Resources */,
				6260F80D1C00CE99003DC9FE /* Main.storyboard in Resources */,
			);
			runOnlyForDeploymentPostprocessing = 0;
		};
/* End PBXResourcesBuildPhase section */

/* Begin PBXShellScriptBuildPhase section */
		4295311CF53EF80D5B947013 /* [CP] Embed Pods Frameworks */ = {
			isa = PBXShellScriptBuildPhase;
			buildActionMask = 2147483647;
			files = (
			);
			inputPaths = (
			);
			name = "[CP] Embed Pods Frameworks";
			outputPaths = (
			);
			runOnlyForDeploymentPostprocessing = 0;
			shellPath = /bin/sh;
			shellScript = "\"${SRCROOT}/Pods/Target Support Files/Pods-DemoApp/Pods-DemoApp-frameworks.sh\"\n";
			showEnvVarsInLog = 0;
		};
		73E2C36DE204BE4062A66FCD /* [CP] Check Pods Manifest.lock */ = {
			isa = PBXShellScriptBuildPhase;
			buildActionMask = 2147483647;
			files = (
			);
			inputPaths = (
			);
			name = "[CP] Check Pods Manifest.lock";
			outputPaths = (
			);
			runOnlyForDeploymentPostprocessing = 0;
			shellPath = /bin/sh;
			shellScript = "diff \"${PODS_ROOT}/../Podfile.lock\" \"${PODS_ROOT}/Manifest.lock\" > /dev/null\nif [ $? != 0 ] ; then\n    # print error to STDERR\n    echo \"error: The sandbox is not in sync with the Podfile.lock. Run 'pod install' or update your CocoaPods installation.\" >&2\n    exit 1\nfi\n";
			showEnvVarsInLog = 0;
		};
		B6B09E2D391781FA620D7C6B /* [CP] Copy Pods Resources */ = {
			isa = PBXShellScriptBuildPhase;
			buildActionMask = 2147483647;
			files = (
			);
			inputPaths = (
			);
			name = "[CP] Copy Pods Resources";
			outputPaths = (
			);
			runOnlyForDeploymentPostprocessing = 0;
			shellPath = /bin/sh;
			shellScript = "\"${SRCROOT}/Pods/Target Support Files/Pods-DemoApp/Pods-DemoApp-resources.sh\"\n";
			showEnvVarsInLog = 0;
		};
/* End PBXShellScriptBuildPhase section */

/* Begin PBXSourcesBuildPhase section */
		6260F8001C00CE99003DC9FE /* Sources */ = {
			isa = PBXSourcesBuildPhase;
			buildActionMask = 2147483647;
			files = (
				6260F80A1C00CE99003DC9FE /* ViewController.swift in Sources */,
				6260F8081C00CE99003DC9FE /* AppDelegate.swift in Sources */,
				6260F83F1C00DA8E003DC9FE /* FourViewController.swift in Sources */,
				6260F83B1C00DA7F003DC9FE /* TwoViewController.swift in Sources */,
				6260F83D1C00DA86003DC9FE /* ThreeViewController.swift in Sources */,
			);
			runOnlyForDeploymentPostprocessing = 0;
		};
/* End PBXSourcesBuildPhase section */

/* Begin PBXVariantGroup section */
		6260F80B1C00CE99003DC9FE /* Main.storyboard */ = {
			isa = PBXVariantGroup;
			children = (
				6260F80C1C00CE99003DC9FE /* Base */,
			);
			name = Main.storyboard;
			sourceTree = "<group>";
		};
		6260F8101C00CE99003DC9FE /* LaunchScreen.storyboard */ = {
			isa = PBXVariantGroup;
			children = (
				6260F8111C00CE99003DC9FE /* Base */,
			);
			name = LaunchScreen.storyboard;
			sourceTree = "<group>";
		};
/* End PBXVariantGroup section */

/* Begin XCBuildConfiguration section */
		6260F8141C00CE99003DC9FE /* Debug */ = {
			isa = XCBuildConfiguration;
			buildSettings = {
				ALWAYS_SEARCH_USER_PATHS = NO;
				CLANG_CXX_LANGUAGE_STANDARD = "gnu++0x";
				CLANG_CXX_LIBRARY = "libc++";
				CLANG_ENABLE_MODULES = YES;
				CLANG_ENABLE_OBJC_ARC = YES;
				CLANG_WARN_BOOL_CONVERSION = YES;
				CLANG_WARN_CONSTANT_CONVERSION = YES;
				CLANG_WARN_DIRECT_OBJC_ISA_USAGE = YES_ERROR;
				CLANG_WARN_EMPTY_BODY = YES;
				CLANG_WARN_ENUM_CONVERSION = YES;
				CLANG_WARN_INT_CONVERSION = YES;
				CLANG_WARN_OBJC_ROOT_CLASS = YES_ERROR;
				CLANG_WARN_UNREACHABLE_CODE = YES;
				CLANG_WARN__DUPLICATE_METHOD_MATCH = YES;
				"CODE_SIGN_IDENTITY[sdk=iphoneos*]" = "iPhone Developer";
				COPY_PHASE_STRIP = NO;
				DEBUG_INFORMATION_FORMAT = dwarf;
				ENABLE_STRICT_OBJC_MSGSEND = YES;
				ENABLE_TESTABILITY = YES;
				GCC_C_LANGUAGE_STANDARD = gnu99;
				GCC_DYNAMIC_NO_PIC = NO;
				GCC_NO_COMMON_BLOCKS = YES;
				GCC_OPTIMIZATION_LEVEL = 0;
				GCC_PREPROCESSOR_DEFINITIONS = (
					"DEBUG=1",
					"$(inherited)",
				);
				GCC_WARN_64_TO_32_BIT_CONVERSION = YES;
				GCC_WARN_ABOUT_RETURN_TYPE = YES_ERROR;
				GCC_WARN_UNDECLARED_SELECTOR = YES;
				GCC_WARN_UNINITIALIZED_AUTOS = YES_AGGRESSIVE;
				GCC_WARN_UNUSED_FUNCTION = YES;
				GCC_WARN_UNUSED_VARIABLE = YES;
				IPHONEOS_DEPLOYMENT_TARGET = 9.1;
				MTL_ENABLE_DEBUG_INFO = YES;
				ONLY_ACTIVE_ARCH = YES;
				SDKROOT = iphoneos;
				SWIFT_OPTIMIZATION_LEVEL = "-Onone";
				TARGETED_DEVICE_FAMILY = "1,2";
			};
			name = Debug;
		};
		6260F8151C00CE99003DC9FE /* Release */ = {
			isa = XCBuildConfiguration;
			buildSettings = {
				ALWAYS_SEARCH_USER_PATHS = NO;
				CLANG_CXX_LANGUAGE_STANDARD = "gnu++0x";
				CLANG_CXX_LIBRARY = "libc++";
				CLANG_ENABLE_MODULES = YES;
				CLANG_ENABLE_OBJC_ARC = YES;
				CLANG_WARN_BOOL_CONVERSION = YES;
				CLANG_WARN_CONSTANT_CONVERSION = YES;
				CLANG_WARN_DIRECT_OBJC_ISA_USAGE = YES_ERROR;
				CLANG_WARN_EMPTY_BODY = YES;
				CLANG_WARN_ENUM_CONVERSION = YES;
				CLANG_WARN_INT_CONVERSION = YES;
				CLANG_WARN_OBJC_ROOT_CLASS = YES_ERROR;
				CLANG_WARN_UNREACHABLE_CODE = YES;
				CLANG_WARN__DUPLICATE_METHOD_MATCH = YES;
				"CODE_SIGN_IDENTITY[sdk=iphoneos*]" = "iPhone Developer";
				COPY_PHASE_STRIP = NO;
				DEBUG_INFORMATION_FORMAT = "dwarf-with-dsym";
				ENABLE_NS_ASSERTIONS = NO;
				ENABLE_STRICT_OBJC_MSGSEND = YES;
				GCC_C_LANGUAGE_STANDARD = gnu99;
				GCC_NO_COMMON_BLOCKS = YES;
				GCC_WARN_64_TO_32_BIT_CONVERSION = YES;
				GCC_WARN_ABOUT_RETURN_TYPE = YES_ERROR;
				GCC_WARN_UNDECLARED_SELECTOR = YES;
				GCC_WARN_UNINITIALIZED_AUTOS = YES_AGGRESSIVE;
				GCC_WARN_UNUSED_FUNCTION = YES;
				GCC_WARN_UNUSED_VARIABLE = YES;
				IPHONEOS_DEPLOYMENT_TARGET = 9.1;
				MTL_ENABLE_DEBUG_INFO = NO;
				SDKROOT = iphoneos;
				TARGETED_DEVICE_FAMILY = "1,2";
				VALIDATE_PRODUCT = YES;
			};
			name = Release;
		};
		6260F8171C00CE99003DC9FE /* Debug */ = {
			isa = XCBuildConfiguration;
			baseConfigurationReference = BF6FFFD1C1DE246CCC7B8EC8 /* Pods-DemoApp.debug.xcconfig */;
			buildSettings = {
				ASSETCATALOG_COMPILER_APPICON_NAME = AppIcon;
				CODE_SIGN_IDENTITY = "iPhone Developer";
				DEVELOPMENT_TEAM = BW886X295K;
				INFOPLIST_FILE = DemoApp/Info.plist;
				LD_RUNPATH_SEARCH_PATHS = "$(inherited) @executable_path/Frameworks";
				PRODUCT_BUNDLE_IDENTIFIER = com.kingiol.DemoApp;
				PRODUCT_NAME = "$(TARGET_NAME)";
				SWIFT_VERSION = 3.0;
			};
			name = Debug;
		};
		6260F8181C00CE99003DC9FE /* Release */ = {
			isa = XCBuildConfiguration;
			baseConfigurationReference = 20EF51AEA7B58B499FBB4251 /* Pods-DemoApp.release.xcconfig */;
			buildSettings = {
				ASSETCATALOG_COMPILER_APPICON_NAME = AppIcon;
				CODE_SIGN_IDENTITY = "iPhone Developer";
				DEVELOPMENT_TEAM = BW886X295K;
				INFOPLIST_FILE = DemoApp/Info.plist;
				LD_RUNPATH_SEARCH_PATHS = "$(inherited) @executable_path/Frameworks";
				PRODUCT_BUNDLE_IDENTIFIER = com.kingiol.DemoApp;
				PRODUCT_NAME = "$(TARGET_NAME)";
				SWIFT_VERSION = 3.0;
			};
			name = Release;
		};
/* End XCBuildConfiguration section */

/* Begin XCConfigurationList section */
		6260F7FF1C00CE99003DC9FE /* Build configuration list for PBXProject "DemoApp" */ = {
			isa = XCConfigurationList;
			buildConfigurations = (
				6260F8141C00CE99003DC9FE /* Debug */,
				6260F8151C00CE99003DC9FE /* Release */,
			);
			defaultConfigurationIsVisible = 0;
			defaultConfigurationName = Release;
		};
		6260F8161C00CE99003DC9FE /* Build configuration list for PBXNativeTarget "DemoApp" */ = {
			isa = XCConfigurationList;
			buildConfigurations = (
				6260F8171C00CE99003DC9FE /* Debug */,
				6260F8181C00CE99003DC9FE /* Release */,
			);
			defaultConfigurationIsVisible = 0;
			defaultConfigurationName = Release;
		};
/* End XCConfigurationList section */
	};
	rootObject = 6260F7FC1C00CE99003DC9FE /* Project object */;
}
